
Microsoft Visual Studio Solution File, Format Version 12.00
# Visual Studio Version 17
VisualStudioVersion = 17.9.34616.47
MinimumVisualStudioVersion = 10.0.40219.1
Project("{FAE04EC0-301F-11D3-BF4B-00C04F79EFBC}") = "Lab1", "Lab1\Lab1.csproj", "{AEE5E3BA-0E5E-43E4-BCAE-2A907CE9130E}"
EndProject
Global
	GlobalSection(SolutionConfigurationPlatforms) = preSolution
		Debug|Any CPU = Debug|Any CPU
		Release|Any CPU = Release|Any CPU
	EndGlobalSection
	GlobalSection(ProjectConfigurationPlatforms) = postSolution
		{AEE5E3BA-0E5E-43E4-BCAE-2A907CE9130E}.Debug|Any CPU.ActiveCfg = Debug|Any CPU
		{AEE5E3BA-0E5E-43E4-BCAE-2A907CE9130E}.Debug|Any CPU.Build.0 = Debug|Any CPU
		{AEE5E3BA-0E5E-43E4-BCAE-2A907CE9130E}.Release|Any CPU.ActiveCfg = Release|Any CPU
		{AEE5E3BA-0E5E-43E4-BCAE-2A907CE9130E}.Release|Any CPU.Build.0 = Release|Any CPU
	EndGlobalSection
	GlobalSection(SolutionProperties) = preSolution
		HideSolutionNode = FALSE
	EndGlobalSection
	GlobalSection(ExtensibilityGlobals) = postSolution
		SolutionGuid = {FDC48989-07B5-428C-AC4E-11DF35599AD4}
	EndGlobalSection
EndGlobal
