
Microsoft Visual Studio Solution File, Format Version 12.00
# Visual Studio Version 17
VisualStudioVersion = 17.9.34616.47
MinimumVisualStudioVersion = 10.0.40219.1
Project("{FAE04EC0-301F-11D3-BF4B-00C04F79EFBC}") = "WebStudent", "WebStudent\WebStudent.csproj", "{DECA25D3-6B7D-48C3-B76E-CFEDC8B88200}"
EndProject
Global
	GlobalSection(SolutionConfigurationPlatforms) = preSolution
		Debug|Any CPU = Debug|Any CPU
		Release|Any CPU = Release|Any CPU
	EndGlobalSection
	GlobalSection(ProjectConfigurationPlatforms) = postSolution
		{DECA25D3-6B7D-48C3-B76E-CFEDC8B88200}.Debug|Any CPU.ActiveCfg = Debug|Any CPU
		{DECA25D3-6B7D-48C3-B76E-CFEDC8B88200}.Debug|Any CPU.Build.0 = Debug|Any CPU
		{DECA25D3-6B7D-48C3-B76E-CFEDC8B88200}.Release|Any CPU.ActiveCfg = Release|Any CPU
		{DECA25D3-6B7D-48C3-B76E-CFEDC8B88200}.Release|Any CPU.Build.0 = Release|Any CPU
	EndGlobalSection
	GlobalSection(SolutionProperties) = preSolution
		HideSolutionNode = FALSE
	EndGlobalSection
	GlobalSection(ExtensibilityGlobals) = postSolution
		SolutionGuid = {ACA2BB80-3B30-47C8-BE71-CF93FD23424C}
	EndGlobalSection
EndGlobal
